{
  "name": "thotfs",
  "version": "1.0.0",
  "lockfileVersion": 1,
  "requires": true,
  "dependencies": {
    "@thi.ng/bitstream": {
      "version": "0.4.13",
      "resolved": "https://registry.npmjs.org/@thi.ng/bitstream/-/bitstream-0.4.13.tgz",
      "integrity": "sha1-2XfZ4QE8kZ7vxLoimUTkz1RQV6k=",
      "requires": {
        "@thi.ng/errors": "0.1.4"
      }
    },
    "@thi.ng/errors": {
      "version": "0.1.4",
      "resolved": "https://registry.npmjs.org/@thi.ng/errors/-/errors-0.1.4.tgz",
      "integrity": "sha1-KbC/NCh8dmVFdNHTgSKJGp+R/fE="
    }
  }
}
